github.com/PuerkitoBio/goquery v1.13.0 h1:mqHbjD7Jmnul4DTR24LKTjo1uUmHUh072kteGV+xpFM=
github.com/PuerkitoBio/goquery v1.13.0/go.mod h1:Hip5mdBL8K2wEGKJdr27sRaNwIdDajmCwB/ExUPwW+g=
github.com/andybalholm/cascadia v1.3.4 h1:vM2lgh0Vru9Vwyfm4cQqWP2HHMW0u0+2PAW7Q38Qufg=
github.com/andybalholm/cascadia v1.3.4/go.mod h1:BLRmbRjpEtNKieZOCCvYj4RqN+KRA41GBe/5O+G93kM=
github.com/chromedp/cdproto v0.157.8 h1:Tkq0AjsUlC3Z4sJfHBzV/uAAxnTF/AZyuSTjfV/1gvk=
github.com/chromedp/cdproto v0.157.8/go.mod h1:h68JaIuFr9o3yiayxEYhBdvaxgYO3shDrPSYhNlyfu0=
github.com/chromedp/chromedp v0.20.1 h1:983T9wmyM09JtROWlxhLQwljKOQovqt8CVE89W3U0NA=
github.com/chromedp/chromedp v0.20.1/go.mod h1:6z1Y5FdKUxRzxx2qcC5h1xjaBJrSWrZp1mjgITfNZig=
github.com/go-json-experiment/json v0.0.0-20260213210345-44df1a37e875 h1:XGPtjxqp0FS8jj1Z7QGcSOSgyq1fUPjNyJXvi3KfI4A=
github.com/go-json-experiment/json v0.0.0-20260213210345-44df1a37e875/go.mod h1:uNVvRXArCGbZ508SxYYTC5v1JWoz2voff5pm25jU1Ok=
github.com/shopspring/decimal v1.3.1 h1:2Usl1nmF/WZucqkFZhnfFYxxxu8LG21F6nPQBE5gKV8=
github.com/shopspring/decimal v1.3.1/go.mod h1:DKyhrW/HYNuLGql+MJL6WCR6knT2jwCFRcu2hWCYk4o=
golang.org/x/net v0.58.0 h1:ynWG7rqYi4ccpTEuPZ2QGWHktVEM9DMCj9yzDE0Q7To=
golang.org/x/net v0.58.0/go.mod h1:YwCddHnFlT7eLQqVprV19OnhLGtc5xOKgE0RyqgfWAU=
